Microsoft Visual Studio Solution File, Format Version 12.00
# Visual Studio 15
VisualStudioVersion = 15.0.26124.0
MinimumVisualStudioVersion = 15.0.26124.0
Project("{9A19103F-16F7-4668-BE54-9A1E7A4F7556}") = "NinetyNineBottles", "NinetyNineBottles\NinetyNineBottles.csproj", "{24506B5E-23B6-4387-86E0-5F9023278AFA}"
EndProject
Project("{9A19103F-16F7-4668-BE54-9A1E7A4F7556}") = "NinetyNineBottlesUnitTests", "NinetyNineBottlesUnitTests\NinetyNineBottlesUnitTests.csproj", "{82328A1D-2F30-476A-BED0-E37065FC307E}"
EndProject
Project("{2150E333-8FDC-42A3-9474-1A3956D46DE8}") = "NinetyNineBottlesKata", "NinetyNineBottlesKata", "{7AD61C93-5786-452F-B2FA-62E83D9DDEE4}"
EndProject
Global
	GlobalSection(SolutionConfigurationPlatforms) = preSolution
		Debug|Any CPU = Debug|Any CPU
		Debug|x64 = Debug|x64
		Debug|x86 = Debug|x86
		Release|Any CPU = Release|Any CPU
		Release|x64 = Release|x64
		Release|x86 = Release|x86
	EndGlobalSection
	GlobalSection(ProjectConfigurationPlatforms) = postSolution
		{24506B5E-23B6-4387-86E0-5F9023278AFA}.Debug|Any CPU.ActiveCfg = Debug|Any CPU
		{24506B5E-23B6-4387-86E0-5F9023278AFA}.Debug|Any CPU.Build.0 = Debug|Any CPU
		{24506B5E-23B6-4387-86E0-5F9023278AFA}.Debug|x64.ActiveCfg = Debug|Any CPU
		{24506B5E-23B6-4387-86E0-5F9023278AFA}.Debug|x64.Build.0 = Debug|Any CPU
		{24506B5E-23B6-4387-86E0-5F9023278AFA}.Debug|x86.ActiveCfg = Debug|Any CPU
		{24506B5E-23B6-4387-86E0-5F9023278AFA}.Debug|x86.Build.0 = Debug|Any CPU
		{24506B5E-23B6-4387-86E0-5F9023278AFA}.Release|Any CPU.ActiveCfg = Release|Any CPU
		{24506B5E-23B6-4387-86E0-5F9023278AFA}.Release|Any CPU.Build.0 = Release|Any CPU
		{24506B5E-23B6-4387-86E0-5F9023278AFA}.Release|x64.ActiveCfg = Release|Any CPU
		{24506B5E-23B6-4387-86E0-5F9023278AFA}.Release|x64.Build.0 = Release|Any CPU
		{24506B5E-23B6-4387-86E0-5F9023278AFA}.Release|x86.ActiveCfg = Release|Any CPU
		{24506B5E-23B6-4387-86E0-5F9023278AFA}.Release|x86.Build.0 = Release|Any CPU
		{82328A1D-2F30-476A-BED0-E37065FC307E}.Debug|Any CPU.ActiveCfg = Debug|Any CPU
		{82328A1D-2F30-476A-BED0-E37065FC307E}.Debug|Any CPU.Build.0 = Debug|Any CPU
		{82328A1D-2F30-476A-BED0-E37065FC307E}.Debug|x64.ActiveCfg = Debug|Any CPU
		{82328A1D-2F30-476A-BED0-E37065FC307E}.Debug|x64.Build.0 = Debug|Any CPU
		{82328A1D-2F30-476A-BED0-E37065FC307E}.Debug|x86.ActiveCfg = Debug|Any CPU
		{82328A1D-2F30-476A-BED0-E37065FC307E}.Debug|x86.Build.0 = Debug|Any CPU
		{82328A1D-2F30-476A-BED0-E37065FC307E}.Release|Any CPU.ActiveCfg = Release|Any CPU
		{82328A1D-2F30-476A-BED0-E37065FC307E}.Release|Any CPU.Build.0 = Release|Any CPU
		{82328A1D-2F30-476A-BED0-E37065FC307E}.Release|x64.ActiveCfg = Release|Any CPU
		{82328A1D-2F30-476A-BED0-E37065FC307E}.Release|x64.Build.0 = Release|Any CPU
		{82328A1D-2F30-476A-BED0-E37065FC307E}.Release|x86.ActiveCfg = Release|Any CPU
		{82328A1D-2F30-476A-BED0-E37065FC307E}.Release|x86.Build.0 = Release|Any CPU
	EndGlobalSection
	GlobalSection(SolutionProperties) = preSolution
		HideSolutionNode = FALSE
	EndGlobalSection
	GlobalSection(NestedProjects) = preSolution
		{24506B5E-23B6-4387-86E0-5F9023278AFA} = {7AD61C93-5786-452F-B2FA-62E83D9DDEE4}
		{82328A1D-2F30-476A-BED0-E37065FC307E} = {7AD61C93-5786-452F-B2FA-62E83D9DDEE4}
	EndGlobalSection
	GlobalSection(ExtensibilityGlobals) = postSolution
		SolutionGuid = {3ADB0976-876E-4E98-B637-3F1FFBB15E3A}
	EndGlobalSection
EndGlobal
